
Microsoft Visual Studio Solution File, Format Version 12.00
# Visual Studio Version 16
VisualStudioVersion = 16.0.31605.320
MinimumVisualStudioVersion = 10.0.40219.1
Project("{FAE04EC0-301F-11D3-BF4B-00C04F79EFBC}") = "MVCRequestLifeCycle", "MVCRequestLifeCycle\MVCRequestLifeCycle.csproj", "{BE9472DF-98F9-4176-ADD2-105FFB50A491}"
EndProject
Global
	GlobalSection(SolutionConfigurationPlatforms) = preSolution
		Debug|Any CPU = Debug|Any CPU
		Release|Any CPU = Release|Any CPU
	EndGlobalSection
	GlobalSection(ProjectConfigurationPlatforms) = postSolution
		{BE9472DF-98F9-4176-ADD2-105FFB50A491}.Debug|Any CPU.ActiveCfg = Debug|Any CPU
		{BE9472DF-98F9-4176-ADD2-105FFB50A491}.Debug|Any CPU.Build.0 = Debug|Any CPU
		{BE9472DF-98F9-4176-ADD2-105FFB50A491}.Release|Any CPU.ActiveCfg = Release|Any CPU
		{BE9472DF-98F9-4176-ADD2-105FFB50A491}.Release|Any CPU.Build.0 = Release|Any CPU
	EndGlobalSection
	GlobalSection(SolutionProperties) = preSolution
		HideSolutionNode = FALSE
	EndGlobalSection
	GlobalSection(ExtensibilityGlobals) = postSolution
		SolutionGuid = {3C7BD6D5-01EE-4A27-9DB1-5E07E628CFD9}
	EndGlobalSection
EndGlobal
